{
    "_meta": {
        "hash": {
            "sha256": "43c043a2c85b4b43a65665593aeaeefd5d6fc990fb8887c5a9dacc5126bf9ae0"
        },
        "pipfile-spec": 6,
        "requires": {},
        "sources": [
            {
                "name": "pypi",
                "url": "https://pypi.org/simple",
                "verify_ssl": true
            }
        ]
    },
    "default": {
        "ansible-modules-pm2": {
            "path": "."
        }
    },
    "develop": {
        "ansible-modules-pm2": {
            "path": "."
        }
    }
}
